// !$*UTF8*$!
{
	archiveVersion = 1;
	classes = {
	};
	objectVersion = 56;
	objects = {

/* Begin PBXBuildFile section */
		C1C5B0F92C63DD7F0075DE41 /* AppDelegate.swift in Sources */ = {isa = PBXBuildFile; fileRef = C1C5B0F82C63DD7F0075DE41 /* AppDelegate.swift */; };
		C1C5B0FB2C63DD7F0075DE41 /* SceneDelegate.swift in Sources */ = {isa = PBXBuildFile; fileRef = C1C5B0FA2C63DD7F0075DE41 /* SceneDelegate.swift */; };
		C1C5B0FD2C63DD7F0075DE41 /* ViewController.swift in Sources */ = {isa = PBXBuildFile; fileRef = C1C5B0FC2C63DD7F0075DE41 /* ViewController.swift */; };
		C1C5B1002C63DD800075DE41 /* Base in Resources */ = {isa = PBXBuildFile; fileRef = C1C5B0FF2C63DD800075DE41 /* Base */; };
		C1C5B1022C63DD830075DE41 /* Assets.xcassets in Resources */ = {isa = PBXBuildFile; fileRef = C1C5B1012C63DD830075DE41 /* Assets.xcassets */; };
		C1C5B1052C63DD830075DE41 /* Base in Resources */ = {isa = PBXBuildFile; fileRef = C1C5B1042C63DD830075DE41 /* Base */; };
		C1C5B1102C63DD840075DE41 /* Rick_MortyAppTests.swift in Sources */ = {isa = PBXBuildFile; fileRef = C1C5B10F2C63DD840075DE41 /* Rick_MortyAppTests.swift */; };
		C1C5B11A2C63DD840075DE41 /* Rick_MortyAppUITests.swift in Sources */ = {isa = PBXBuildFile; fileRef = C1C5B1192C63DD840075DE41 /* Rick_MortyAppUITests.swift */; };
		C1C5B11C2C63DD840075DE41 /* Rick_MortyAppUITestsLaunchTests.swift in Sources */ = {isa = PBXBuildFile; fileRef = C1C5B11B2C63DD840075DE41 /* Rick_MortyAppUITestsLaunchTests.swift */; };
/* End PBXBuildFile section */

/* Begin PBXContainerItemProxy section */
		C1C5B10C2C63DD840075DE41 /* PBXContainerItemProxy */ = {
			isa = PBXContainerItemProxy;
			containerPortal = C1C5B0ED2C63DD7F0075DE41 /* Project object */;
			proxyType = 1;
			remoteGlobalIDString = C1C5B0F42C63DD7F0075DE41;
			remoteInfo = "Rick&MortyApp";
		};
		C1C5B1162C63DD840075DE41 /* PBXContainerItemProxy */ = {
			isa = PBXContainerItemProxy;
			containerPortal = C1C5B0ED2C63DD7F0075DE41 /* Project object */;
			proxyType = 1;
			remoteGlobalIDString = C1C5B0F42C63DD7F0075DE41;
			remoteInfo = "Rick&MortyApp";
		};
/* End PBXContainerItemProxy section */

/* Begin PBXFileReference section */
		C1C5B0F52C63DD7F0075DE41 /* Rick&MortyApp.app */ = {isa = PBXFileReference; explicitFileType = wrapper.application; includeInIndex = 0; path = "Rick&MortyApp.app"; sourceTree = BUILT_PRODUCTS_DIR; };
		C1C5B0F82C63DD7F0075DE41 /* AppDelegate.swift */ = {isa = PBXFileReference; lastKnownFileType = sourcecode.swift; path = AppDelegate.swift; sourceTree = "<group>"; };
		C1C5B0FA2C63DD7F0075DE41 /* SceneDelegate.swift */ = {isa = PBXFileReference; lastKnownFileType = sourcecode.swift; path = SceneDelegate.swift; sourceTree = "<group>"; };
		C1C5B0FC2C63DD7F0075DE41 /* ViewController.swift */ = {isa = PBXFileReference; lastKnownFileType = sourcecode.swift; path = ViewController.swift; sourceTree = "<group>"; };
		C1C5B0FF2C63DD800075DE41 /* Base */ = {isa = PBXFileReference; lastKnownFileType = file.storyboard; name = Base; path = Base.lproj/Main.storyboard; sourceTree = "<group>"; };
		C1C5B1012C63DD830075DE41 /* Assets.xcassets */ = {isa = PBXFileReference; lastKnownFileType = folder.assetcatalog; path = Assets.xcassets; sourceTree = "<group>"; };
		C1C5B1042C63DD830075DE41 /* Base */ = {isa = PBXFileReference; lastKnownFileType = file.storyboard; name = Base; path = Base.lproj/LaunchScreen.storyboard; sourceTree = "<group>"; };
		C1C5B1062C63DD830075DE41 /* Info.plist */ = {isa = PBXFileReference; lastKnownFileType = text.plist.xml; path = Info.plist; sourceTree = "<group>"; };
		C1C5B10B2C63DD840075DE41 /* Rick&MortyAppTests.xctest */ = {isa = PBXFileReference; explicitFileType = wrapper.cfbundle; includeInIndex = 0; path = "Rick&MortyAppTests.xctest"; sourceTree = BUILT_PRODUCTS_DIR; };
		C1C5B10F2C63DD840075DE41 /* Rick_MortyAppTests.swift */ = {isa = PBXFileReference; lastKnownFileType = sourcecode.swift; path = Rick_MortyAppTests.swift; sourceTree = "<group>"; };
		C1C5B1152C63DD840075DE41 /* Rick&MortyAppUITests.xctest */ = {isa = PBXFileReference; explicitFileType = wrapper.cfbundle; includeInIndex = 0; path = "Rick&MortyAppUITests.xctest"; sourceTree = BUILT_PRODUCTS_DIR; };
		C1C5B1192C63DD840075DE41 /* Rick_MortyAppUITests.swift */ = {isa = PBXFileReference; lastKnownFileType = sourcecode.swift; path = Rick_MortyAppUITests.swift; sourceTree = "<group>"; };
		C1C5B11B2C63DD840075DE41 /* Rick_MortyAppUITestsLaunchTests.swift */ = {isa = PBXFileReference; lastKnownFileType = sourcecode.swift; path = Rick_MortyAppUITestsLaunchTests.swift; sourceTree = "<group>"; };
/* End PBXFileReference section */

/* Begin PBXFrameworksBuildPhase section */
		C1C5B0F22C63DD7F0075DE41 /* Frameworks */ = {
			isa = PBXFrameworksBuildPhase;
			buildActionMask = 2147483647;
			files = (
			);
			runOnlyForDeploymentPostprocessing = 0;
		};
		C1C5B1082C63DD840075DE41 /* Frameworks */ = {
			isa = PBXFrameworksBuildPhase;
			buildActionMask = 2147483647;
			files = (
			);
			runOnlyForDeploymentPostprocessing = 0;
		};
		C1C5B1122C63DD840075DE41 /* Frameworks */ = {
			isa = PBXFrameworksBuildPhase;
			buildActionMask = 2147483647;
			files = (
			);
			runOnlyForDeploymentPostprocessing = 0;
		};
/* End PBXFrameworksBuildPhase section */

/* Begin PBXGroup section */
		C1C5B0EC2C63DD7F0075DE41 = {
			isa = PBXGroup;
			children = (
				C1C5B0F72C63DD7F0075DE41 /* Rick&MortyApp */,
				C1C5B10E2C63DD840075DE41 /* Rick&MortyAppTests */,
				C1C5B1182C63DD840075DE41 /* Rick&MortyAppUITests */,
				C1C5B0F62C63DD7F0075DE41 /* Products */,
			);
			sourceTree = "<group>";
		};
		C1C5B0F62C63DD7F0075DE41 /* Products */ = {
			isa = PBXGroup;
			children = (
				C1C5B0F52C63DD7F0075DE41 /* Rick&MortyApp.app */,
				C1C5B10B2C63DD840075DE41 /* Rick&MortyAppTests.xctest */,
				C1C5B1152C63DD840075DE41 /* Rick&MortyAppUITests.xctest */,
			);
			name = Products;
			sourceTree = "<group>";
		};
		C1C5B0F72C63DD7F0075DE41 /* Rick&MortyApp */ = {
			isa = PBXGroup;
			children = (
				C1C5B0F82C63DD7F0075DE41 /* AppDelegate.swift */,
				C1C5B0FA2C63DD7F0075DE41 /* SceneDelegate.swift */,
				C1C5B0FC2C63DD7F0075DE41 /* ViewController.swift */,
				C1C5B0FE2C63DD800075DE41 /* Main.storyboard */,
				C1C5B1012C63DD830075DE41 /* Assets.xcassets */,
				C1C5B1032C63DD830075DE41 /* LaunchScreen.storyboard */,
				C1C5B1062C63DD830075DE41 /* Info.plist */,
			);
			path = "Rick&MortyApp";
			sourceTree = "<group>";
		};
		C1C5B10E2C63DD840075DE41 /* Rick&MortyAppTests */ = {
			isa = PBXGroup;
			children = (
				C1C5B10F2C63DD840075DE41 /* Rick_MortyAppTests.swift */,
			);
			path = "Rick&MortyAppTests";
			sourceTree = "<group>";
		};
		C1C5B1182C63DD840075DE41 /* Rick&MortyAppUITests */ = {
			isa = PBXGroup;
			children = (
				C1C5B1192C63DD840075DE41 /* Rick_MortyAppUITests.swift */,
				C1C5B11B2C63DD840075DE41 /* Rick_MortyAppUITestsLaunchTests.swift */,
			);
			path = "Rick&MortyAppUITests";
			sourceTree = "<group>";
		};
/* End PBXGroup section */

/* Begin PBXNativeTarget section */
		C1C5B0F42C63DD7F0075DE41 /* Rick&MortyApp */ = {
			isa = PBXNativeTarget;
			buildConfigurationList = C1C5B11F2C63DD840075DE41 /* Build configuration list for PBXNativeTarget "Rick&MortyApp" */;
			buildPhases = (
				C1C5B0F12C63DD7F0075DE41 /* Sources */,
				C1C5B0F22C63DD7F0075DE41 /* Frameworks */,
				C1C5B0F32C63DD7F0075DE41 /* Resources */,
			);
			buildRules = (
			);
			dependencies = (
			);
			name = "Rick&MortyApp";
			productName = "Rick&MortyApp";
			productReference = C1C5B0F52C63DD7F0075DE41 /* Rick&MortyApp.app */;
			productType = "com.apple.product-type.application";
		};
		C1C5B10A2C63DD840075DE41 /* Rick&MortyAppTests */ = {
			isa = PBXNativeTarget;
			buildConfigurationList = C1C5B1222C63DD840075DE41 /* Build configuration list for PBXNativeTarget "Rick&MortyAppTests" */;
			buildPhases = (
				C1C5B1072C63DD840075DE41 /* Sources */,
				C1C5B1082C63DD840075DE41 /* Frameworks */,
				C1C5B1092C63DD840075DE41 /* Resources */,
			);
			buildRules = (
			);
			dependencies = (
				C1C5B10D2C63DD840075DE41 /* PBXTargetDependency */,
			);
			name = "Rick&MortyAppTests";
			productName = "Rick&MortyAppTests";
			productReference = C1C5B10B2C63DD840075DE41 /* Rick&MortyAppTests.xctest */;
			productType = "com.apple.product-type.bundle.unit-test";
		};
		C1C5B1142C63DD840075DE41 /* Rick&MortyAppUITests */ = {
			isa = PBXNativeTarget;
			buildConfigurationList = C1C5B1252C63DD840075DE41 /* Build configuration list for PBXNativeTarget "Rick&MortyAppUITests" */;
			buildPhases = (
				C1C5B1112C63DD840075DE41 /* Sources */,
				C1C5B1122C63DD840075DE41 /* Frameworks */,
				C1C5B1132C63DD840075DE41 /* Resources */,
			);
			buildRules = (
			);
			dependencies = (
				C1C5B1172C63DD840075DE41 /* PBXTargetDependency */,
			);
			name = "Rick&MortyAppUITests";
			productName = "Rick&MortyAppUITests";
			productReference = C1C5B1152C63DD840075DE41 /* Rick&MortyAppUITests.xctest */;
			productType = "com.apple.product-type.bundle.ui-testing";
		};
/* End PBXNativeTarget section */

/* Begin PBXProject section */
		C1C5B0ED2C63DD7F0075DE41 /* Project object */ = {
			isa = PBXProject;
			attributes = {
				BuildIndependentTargetsInParallel = 1;
				LastSwiftUpdateCheck = 1540;
				LastUpgradeCheck = 1540;
				TargetAttributes = {
					C1C5B0F42C63DD7F0075DE41 = {
						CreatedOnToolsVersion = 15.4;
					};
					C1C5B10A2C63DD840075DE41 = {
						CreatedOnToolsVersion = 15.4;
						TestTargetID = C1C5B0F42C63DD7F0075DE41;
					};
					C1C5B1142C63DD840075DE41 = {
						CreatedOnToolsVersion = 15.4;
						TestTargetID = C1C5B0F42C63DD7F0075DE41;
					};
				};
			};
			buildConfigurationList = C1C5B0F02C63DD7F0075DE41 /* Build configuration list for PBXProject "Rick&MortyApp" */;
			compatibilityVersion = "Xcode 14.0";
			developmentRegion = en;
			hasScannedForEncodings = 0;
			knownRegions = (
				en,
				Base,
			);
			mainGroup = C1C5B0EC2C63DD7F0075DE41;
			productRefGroup = C1C5B0F62C63DD7F0075DE41 /* Products */;
			projectDirPath = "";
			projectRoot = "";
			targets = (
				C1C5B0F42C63DD7F0075DE41 /* Rick&MortyApp */,
				C1C5B10A2C63DD840075DE41 /* Rick&MortyAppTests */,
				C1C5B1142C63DD840075DE41 /* Rick&MortyAppUITests */,
			);
		};
/* End PBXProject section */

/* Begin PBXResourcesBuildPhase section */
		C1C5B0F32C63DD7F0075DE41 /* Resources */ = {
			isa = PBXResourcesBuildPhase;
			buildActionMask = 2147483647;
			files = (
				C1C5B1022C63DD830075DE41 /* Assets.xcassets in Resources */,
				C1C5B1052C63DD830075DE41 /* Base in Resources */,
				C1C5B1002C63DD800075DE41 /* Base in Resources */,
			);
			runOnlyForDeploymentPostprocessing = 0;
		};
		C1C5B1092C63DD840075DE41 /* Resources */ = {
			isa = PBXResourcesBuildPhase;
			buildActionMask = 2147483647;
			files = (
			);
			runOnlyForDeploymentPostprocessing = 0;
		};
		C1C5B1132C63DD840075DE41 /* Resources */ = {
			isa = PBXResourcesBuildPhase;
			buildActionMask = 2147483647;
			files = (
			);
			runOnlyForDeploymentPostprocessing = 0;
		};
/* End PBXResourcesBuildPhase section */

/* Begin PBXSourcesBuildPhase section */
		C1C5B0F12C63DD7F0075DE41 /* Sources */ = {
			isa = PBXSourcesBuildPhase;
			buildActionMask = 2147483647;
			files = (
				C1C5B0FD2C63DD7F0075DE41 /* ViewController.swift in Sources */,
				C1C5B0F92C63DD7F0075DE41 /* AppDelegate.swift in Sources */,
				C1C5B0FB2C63DD7F0075DE41 /* SceneDelegate.swift in Sources */,
			);
			runOnlyForDeploymentPostprocessing = 0;
		};
		C1C5B1072C63DD840075DE41 /* Sources */ = {
			isa = PBXSourcesBuildPhase;
			buildActionMask = 2147483647;
			files = (
				C1C5B1102C63DD840075DE41 /* Rick_MortyAppTests.swift in Sources */,
			);
			runOnlyForDeploymentPostprocessing = 0;
		};
		C1C5B1112C63DD840075DE41 /* Sources */ = {
			isa = PBXSourcesBuildPhase;
			buildActionMask = 2147483647;
			files = (
				C1C5B11A2C63DD840075DE41 /* Rick_MortyAppUITests.swift in Sources */,
				C1C5B11C2C63DD840075DE41 /* Rick_MortyAppUITestsLaunchTests.swift in Sources */,
			);
			runOnlyForDeploymentPostprocessing = 0;
		};
/* End PBXSourcesBuildPhase section */

/* Begin PBXTargetDependency section */
		C1C5B10D2C63DD840075DE41 /* PBXTargetDependency */ = {
			isa = PBXTargetDependency;
			target = C1C5B0F42C63DD7F0075DE41 /* Rick&MortyApp */;
			targetProxy = C1C5B10C2C63DD840075DE41 /* PBXContainerItemProxy */;
		};
		C1C5B1172C63DD840075DE41 /* PBXTargetDependency */ = {
			isa = PBXTargetDependency;
			target = C1C5B0F42C63DD7F0075DE41 /* Rick&MortyApp */;
			targetProxy = C1C5B1162C63DD840075DE41 /* PBXContainerItemProxy */;
		};
/* End PBXTargetDependency section */

/* Begin PBXVariantGroup section */
		C1C5B0FE2C63DD800075DE41 /* Main.storyboard */ = {
			isa = PBXVariantGroup;
			children = (
				C1C5B0FF2C63DD800075DE41 /* Base */,
			);
			name = Main.storyboard;
			sourceTree = "<group>";
		};
		C1C5B1032C63DD830075DE41 /* LaunchScreen.storyboard */ = {
			isa = PBXVariantGroup;
			children = (
				C1C5B1042C63DD830075DE41 /* Base */,
			);
			name = LaunchScreen.storyboard;
			sourceTree = "<group>";
		};
/* End PBXVariantGroup section */

/* Begin XCBuildConfiguration section */
		C1C5B11D2C63DD840075DE41 /* Debug */ = {
			isa = XCBuildConfiguration;
			buildSettings = {
				ALWAYS_SEARCH_USER_PATHS = NO;
				ASSETCATALOG_COMPILER_GENERATE_SWIFT_ASSET_SYMBOL_EXTENSIONS = YES;
				CLANG_ANALYZER_NONNULL = YES;
				CLANG_ANALYZER_NUMBER_OBJECT_CONVERSION = YES_AGGRESSIVE;
				CLANG_CXX_LANGUAGE_STANDARD = "gnu++20";
				CLANG_ENABLE_MODULES = YES;
				CLANG_ENABLE_OBJC_ARC = YES;
				CLANG_ENABLE_OBJC_WEAK = YES;
				CLANG_WARN_BLOCK_CAPTURE_AUTORELEASING = YES;
				CLANG_WARN_BOOL_CONVERSION = YES;
				CLANG_WARN_COMMA = YES;
				CLANG_WARN_CONSTANT_CONVERSION = YES;
				CLANG_WARN_DEPRECATED_OBJC_IMPLEMENTATIONS = YES;
				CLANG_WARN_DIRECT_OBJC_ISA_USAGE = YES_ERROR;
				CLANG_WARN_DOCUMENTATION_COMMENTS = YES;
				CLANG_WARN_EMPTY_BODY = YES;
				CLANG_WARN_ENUM_CONVERSION = YES;
				CLANG_WARN_INFINITE_RECURSION = YES;
				CLANG_WARN_INT_CONVERSION = YES;
				CLANG_WARN_NON_LITERAL_NULL_CONVERSION = YES;
				CLANG_WARN_OBJC_IMPLICIT_RETAIN_SELF = YES;
				CLANG_WARN_OBJC_LITERAL_CONVERSION = YES;
				CLANG_WARN_OBJC_ROOT_CLASS = YES_ERROR;
				CLANG_WARN_QUOTED_INCLUDE_IN_FRAMEWORK_HEADER = YES;
				CLANG_WARN_RANGE_LOOP_ANALYSIS = YES;
				CLANG_WARN_STRICT_PROTOTYPES = YES;
				CLANG_WARN_SUSPICIOUS_MOVE = YES;
				CLANG_WARN_UNGUARDED_AVAILABILITY = YES_AGGRESSIVE;
				CLANG_WARN_UNREACHABLE_CODE = YES;
				CLANG_WARN__DUPLICATE_METHOD_MATCH = YES;
				COPY_PHASE_STRIP = NO;
				DEBUG_INFORMATION_FORMAT = dwarf;
				ENABLE_STRICT_OBJC_MSGSEND = YES;
				ENABLE_TESTABILITY = YES;
				ENABLE_USER_SCRIPT_SANDBOXING = YES;
				GCC_C_LANGUAGE_STANDARD = gnu17;
				GCC_DYNAMIC_NO_PIC = NO;
				GCC_NO_COMMON_BLOCKS = YES;
				GCC_OPTIMIZATION_LEVEL = 0;
				GCC_PREPROCESSOR_DEFINITIONS = (
					"DEBUG=1",
					"$(inherited)",
				);
				GCC_WARN_64_TO_32_BIT_CONVERSION = YES;
				GCC_WARN_ABOUT_RETURN_TYPE = YES_ERROR;
				GCC_WARN_UNDECLARED_SELECTOR = YES;
				GCC_WARN_UNINITIALIZED_AUTOS = YES_AGGRESSIVE;
				GCC_WARN_UNUSED_FUNCTION = YES;
				GCC_WARN_UNUSED_VARIABLE = YES;
				IPHONEOS_DEPLOYMENT_TARGET = 17.5;
				LOCALIZATION_PREFERS_STRING_CATALOGS = YES;
				MTL_ENABLE_DEBUG_INFO = INCLUDE_SOURCE;
				MTL_FAST_MATH = YES;
				ONLY_ACTIVE_ARCH = YES;
				SDKROOT = iphoneos;
				SWIFT_ACTIVE_COMPILATION_CONDITIONS = "DEBUG $(inherited)";
				SWIFT_OPTIMIZATION_LEVEL = "-Onone";
			};
			name = Debug;
		};
		C1C5B11E2C63DD840075DE41 /* Release */ = {
			isa = XCBuildConfiguration;
			buildSettings = {
				ALWAYS_SEARCH_USER_PATHS = NO;
				ASSETCATALOG_COMPILER_GENERATE_SWIFT_ASSET_SYMBOL_EXTENSIONS = YES;
				CLANG_ANALYZER_NONNULL = YES;
				CLANG_ANALYZER_NUMBER_OBJECT_CONVERSION = YES_AGGRESSIVE;
				CLANG_CXX_LANGUAGE_STANDARD = "gnu++20";
				CLANG_ENABLE_MODULES = YES;
				CLANG_ENABLE_OBJC_ARC = YES;
				CLANG_ENABLE_OBJC_WEAK = YES;
				CLANG_WARN_BLOCK_CAPTURE_AUTORELEASING = YES;
				CLANG_WARN_BOOL_CONVERSION = YES;
				CLANG_WARN_COMMA = YES;
				CLANG_WARN_CONSTANT_CONVERSION = YES;
				CLANG_WARN_DEPRECATED_OBJC_IMPLEMENTATIONS = YES;
				CLANG_WARN_DIRECT_OBJC_ISA_USAGE = YES_ERROR;
				CLANG_WARN_DOCUMENTATION_COMMENTS = YES;
				CLANG_WARN_EMPTY_BODY = YES;
				CLANG_WARN_ENUM_CONVERSION = YES;
				CLANG_WARN_INFINITE_RECURSION = YES;
				CLANG_WARN_INT_CONVERSION = YES;
				CLANG_WARN_NON_LITERAL_NULL_CONVERSION = YES;
				CLANG_WARN_OBJC_IMPLICIT_RETAIN_SELF = YES;
				CLANG_WARN_OBJC_LITERAL_CONVERSION = YES;
				CLANG_WARN_OBJC_ROOT_CLASS = YES_ERROR;
				CLANG_WARN_QUOTED_INCLUDE_IN_FRAMEWORK_HEADER = YES;
				CLANG_WARN_RANGE_LOOP_ANALYSIS = YES;
				CLANG_WARN_STRICT_PROTOTYPES = YES;
				CLANG_WARN_SUSPICIOUS_MOVE = YES;
				CLANG_WARN_UNGUARDED_AVAILABILITY = YES_AGGRESSIVE;
				CLANG_WARN_UNREACHABLE_CODE = YES;
				CLANG_WARN__DUPLICATE_METHOD_MATCH = YES;
				COPY_PHASE_STRIP = NO;
				DEBUG_INFORMATION_FORMAT = "dwarf-with-dsym";
				ENABLE_NS_ASSERTIONS = NO;
				ENABLE_STRICT_OBJC_MSGSEND = YES;
				ENABLE_USER_SCRIPT_SANDBOXING = YES;
				GCC_C_LANGUAGE_STANDARD = gnu17;
				GCC_NO_COMMON_BLOCKS = YES;
				GCC_WARN_64_TO_32_BIT_CONVERSION = YES;
				GCC_WARN_ABOUT_RETURN_TYPE = YES_ERROR;
				GCC_WARN_UNDECLARED_SELECTOR = YES;
				GCC_WARN_UNINITIALIZED_AUTOS = YES_AGGRESSIVE;
				GCC_WARN_UNUSED_FUNCTION = YES;
				GCC_WARN_UNUSED_VARIABLE = YES;
				IPHONEOS_DEPLOYMENT_TARGET = 17.5;
				LOCALIZATION_PREFERS_STRING_CATALOGS = YES;
				MTL_ENABLE_DEBUG_INFO = NO;
				MTL_FAST_MATH = YES;
				SDKROOT = iphoneos;
				SWIFT_COMPILATION_MODE = wholemodule;
				VALIDATE_PRODUCT = YES;
			};
			name = Release;
		};
		C1C5B1202C63DD840075DE41 /* Debug */ = {
			isa = XCBuildConfiguration;
			buildSettings = {
				ASSETCATALOG_COMPILER_APPICON_NAME = AppIcon;
				ASSETCATALOG_COMPILER_GLOBAL_ACCENT_COLOR_NAME = AccentColor;
				CODE_SIGN_STYLE = Automatic;
				CURRENT_PROJECT_VERSION = 1;
				DEVELOPMENT_TEAM = VH2FP4YPGS;
				GENERATE_INFOPLIST_FILE = YES;
				INFOPLIST_FILE = "Rick&MortyApp/Info.plist";
				INFOPLIST_KEY_UIApplicationSupportsIndirectInputEvents = YES;
				INFOPLIST_KEY_UILaunchStoryboardName = LaunchScreen;
				INFOPLIST_KEY_UIMainStoryboardFile = Main;
				INFOPLIST_KEY_UISupportedInterfaceOrientations_iPad = "UIInterfaceOrientationPortrait UIInterfaceOrientationPortraitUpsideDown UIInterfaceOrientationLandscapeLeft UIInterfaceOrientationLandscapeRight";
				INFOPLIST_KEY_UISupportedInterfaceOrientations_iPhone = "UIInterfaceOrientationPortrait UIInterfaceOrientationLandscapeLeft UIInterfaceOrientationLandscapeRight";
				LD_RUNPATH_SEARCH_PATHS = (
					"$(inherited)",
					"@executable_path/Frameworks",
				);
				MARKETING_VERSION = 1.0;
				PRODUCT_BUNDLE_IDENTIFIER = "noelhyusta.Rick-MortyApp";
				PRODUCT_NAME = "$(TARGET_NAME)";
				SWIFT_EMIT_LOC_STRINGS = YES;
				SWIFT_VERSION = 5.0;
				TARGETED_DEVICE_FAMILY = "1,2";
			};
			name = Debug;
		};
		C1C5B1212C63DD840075DE41 /* Release */ = {
			isa = XCBuildConfiguration;
			buildSettings = {
				ASSETCATALOG_COMPILER_APPICON_NAME = AppIcon;
				ASSETCATALOG_COMPILER_GLOBAL_ACCENT_COLOR_NAME = AccentColor;
				CODE_SIGN_STYLE = Automatic;
				CURRENT_PROJECT_VERSION = 1;
				DEVELOPMENT_TEAM = VH2FP4YPGS;
				GENERATE_INFOPLIST_FILE = YES;
				INFOPLIST_FILE = "Rick&MortyApp/Info.plist";
				INFOPLIST_KEY_UIApplicationSupportsIndirectInputEvents = YES;
				INFOPLIST_KEY_UILaunchStoryboardName = LaunchScreen;
				INFOPLIST_KEY_UIMainStoryboardFile = Main;
				INFOPLIST_KEY_UISupportedInterfaceOrientations_iPad = "UIInterfaceOrientationPortrait UIInterfaceOrientationPortraitUpsideDown UIInterfaceOrientationLandscapeLeft UIInterfaceOrientationLandscapeRight";
				INFOPLIST_KEY_UISupportedInterfaceOrientations_iPhone = "UIInterfaceOrientationPortrait UIInterfaceOrientationLandscapeLeft UIInterfaceOrientationLandscapeRight";
				LD_RUNPATH_SEARCH_PATHS = (
					"$(inherited)",
					"@executable_path/Frameworks",
				);
				MARKETING_VERSION = 1.0;
				PRODUCT_BUNDLE_IDENTIFIER = "noelhyusta.Rick-MortyApp";
				PRODUCT_NAME = "$(TARGET_NAME)";
				SWIFT_EMIT_LOC_STRINGS = YES;
				SWIFT_VERSION = 5.0;
				TARGETED_DEVICE_FAMILY = "1,2";
			};
			name = Release;
		};
		C1C5B1232C63DD840075DE41 /* Debug */ = {
			isa = XCBuildConfiguration;
			buildSettings = {
				ALWAYS_EMBED_SWIFT_STANDARD_LIBRARIES = YES;
				BUNDLE_LOADER = "$(TEST_HOST)";
				CODE_SIGN_STYLE = Automatic;
				CURRENT_PROJECT_VERSION = 1;
				DEVELOPMENT_TEAM = VH2FP4YPGS;
				GENERATE_INFOPLIST_FILE = YES;
				IPHONEOS_DEPLOYMENT_TARGET = 17.5;
				MARKETING_VERSION = 1.0;
				PRODUCT_BUNDLE_IDENTIFIER = "noelhyusta.Rick-MortyAppTests";
				PRODUCT_NAME = "$(TARGET_NAME)";
				SWIFT_EMIT_LOC_STRINGS = NO;
				SWIFT_VERSION = 5.0;
				TARGETED_DEVICE_FAMILY = "1,2";
				TEST_HOST = "$(BUILT_PRODUCTS_DIR)/Rick&MortyApp.app/$(BUNDLE_EXECUTABLE_FOLDER_PATH)/Rick&MortyApp";
			};
			name = Debug;
		};
		C1C5B1242C63DD840075DE41 /* Release */ = {
			isa = XCBuildConfiguration;
			buildSettings = {
				ALWAYS_EMBED_SWIFT_STANDARD_LIBRARIES = YES;
				BUNDLE_LOADER = "$(TEST_HOST)";
				CODE_SIGN_STYLE = Automatic;
				CURRENT_PROJECT_VERSION = 1;
				DEVELOPMENT_TEAM = VH2FP4YPGS;
				GENERATE_INFOPLIST_FILE = YES;
				IPHONEOS_DEPLOYMENT_TARGET = 17.5;
				MARKETING_VERSION = 1.0;
				PRODUCT_BUNDLE_IDENTIFIER = "noelhyusta.Rick-MortyAppTests";
				PRODUCT_NAME = "$(TARGET_NAME)";
				SWIFT_EMIT_LOC_STRINGS = NO;
				SWIFT_VERSION = 5.0;
				TARGETED_DEVICE_FAMILY = "1,2";
				TEST_HOST = "$(BUILT_PRODUCTS_DIR)/Rick&MortyApp.app/$(BUNDLE_EXECUTABLE_FOLDER_PATH)/Rick&MortyApp";
			};
			name = Release;
		};
		C1C5B1262C63DD840075DE41 /* Debug */ = {
			isa = XCBuildConfiguration;
			buildSettings = {
				ALWAYS_EMBED_SWIFT_STANDARD_LIBRARIES = YES;
				CODE_SIGN_STYLE = Automatic;
				CURRENT_PROJECT_VERSION = 1;
				DEVELOPMENT_TEAM = VH2FP4YPGS;
				GENERATE_INFOPLIST_FILE = YES;
				MARKETING_VERSION = 1.0;
				PRODUCT_BUNDLE_IDENTIFIER = "noelhyusta.Rick-MortyAppUITests";
				PRODUCT_NAME = "$(TARGET_NAME)";
				SWIFT_EMIT_LOC_STRINGS = NO;
				SWIFT_VERSION = 5.0;
				TARGETED_DEVICE_FAMILY = "1,2";
				TEST_TARGET_NAME = "Rick&MortyApp";
			};
			name = Debug;
		};
		C1C5B1272C63DD840075DE41 /* Release */ = {
			isa = XCBuildConfiguration;
			buildSettings = {
				ALWAYS_EMBED_SWIFT_STANDARD_LIBRARIES = YES;
				CODE_SIGN_STYLE = Automatic;
				CURRENT_PROJECT_VERSION = 1;
				DEVELOPMENT_TEAM = VH2FP4YPGS;
				GENERATE_INFOPLIST_FILE = YES;
				MARKETING_VERSION = 1.0;
				PRODUCT_BUNDLE_IDENTIFIER = "noelhyusta.Rick-MortyAppUITests";
				PRODUCT_NAME = "$(TARGET_NAME)";
				SWIFT_EMIT_LOC_STRINGS = NO;
				SWIFT_VERSION = 5.0;
				TARGETED_DEVICE_FAMILY = "1,2";
				TEST_TARGET_NAME = "Rick&MortyApp";
			};
			name = Release;
		};
/* End XCBuildConfiguration section */

/* Begin XCConfigurationList section */
		C1C5B0F02C63DD7F0075DE41 /* Build configuration list for PBXProject "Rick&MortyApp" */ = {
			isa = XCConfigurationList;
			buildConfigurations = (
				C1C5B11D2C63DD840075DE41 /* Debug */,
				C1C5B11E2C63DD840075DE41 /* Release */,
			);
			defaultConfigurationIsVisible = 0;
			defaultConfigurationName = Release;
		};
		C1C5B11F2C63DD840075DE41 /* Build configuration list for PBXNativeTarget "Rick&MortyApp" */ = {
			isa = XCConfigurationList;
			buildConfigurations = (
				C1C5B1202C63DD840075DE41 /* Debug */,
				C1C5B1212C63DD840075DE41 /* Release */,
			);
			defaultConfigurationIsVisible = 0;
			defaultConfigurationName = Release;
		};
		C1C5B1222C63DD840075DE41 /* Build configuration list for PBXNativeTarget "Rick&MortyAppTests" */ = {
			isa = XCConfigurationList;
			buildConfigurations = (
				C1C5B1232C63DD840075DE41 /* Debug */,
				C1C5B1242C63DD840075DE41 /* Release */,
			);
			defaultConfigurationIsVisible = 0;
			defaultConfigurationName = Release;
		};
		C1C5B1252C63DD840075DE41 /* Build configuration list for PBXNativeTarget "Rick&MortyAppUITests" */ = {
			isa = XCConfigurationList;
			buildConfigurations = (
				C1C5B1262C63DD840075DE41 /* Debug */,
				C1C5B1272C63DD840075DE41 /* Release */,
			);
			defaultConfigurationIsVisible = 0;
			defaultConfigurationName = Release;
		};
/* End XCConfigurationList section */
	};
	rootObject = C1C5B0ED2C63DD7F0075DE41 /* Project object */;
}
